// !$*UTF8*$!
{
	archiveVersion = 1;
	classes = {
	};
	objectVersion = 46;
	objects = {

/* Begin PBXFileReference section */
		6576A09C16B6BE370036C66D /* coordinates.c */ = {isa = PBXFileReference; lastKnownFileType = sourcecode.c.c; path = coordinates.c; sourceTree = "<group>"; };
		6576A09D16B6BE370036C66D /* coordinates.h */ = {isa = PBXFileReference; lastKnownFileType = sourcecode.c.h; path = coordinates.h; sourceTree = "<group>"; };
		6576A09E16B6BE370036C66D /* couples.c */ = {isa = PBXFileReference; lastKnownFileType = sourcecode.c.c; path = couples.c; sourceTree = "<group>"; };
		6576A09F16B6BE370036C66D /* couples.h */ = {isa = PBXFileReference; lastKnownFileType = sourcecode.c.h; path = couples.h; sourceTree = "<group>"; };
		6576A0A116B6BE370036C66D /* vision_color (copia).txt */ = {isa = PBXFileReference; lastKnownFileType = text; path = "vision_color (copia).txt"; sourceTree = "<group>"; };
		6576A0A216B6BE370036C66D /* vision_color.txt */ = {isa = PBXFileReference; lastKnownFileType = text; path = vision_color.txt; sourceTree = "<group>"; };
		6576A0A316B6BE370036C66D /* vision_init.txt */ = {isa = PBXFileReference; lastKnownFileType = text; path = vision_init.txt; sourceTree = "<group>"; };
		6576A0A416B6BE370036C66D /* vision_webcam.txt */ = {isa = PBXFileReference; lastKnownFileType = text; path = vision_webcam.txt; sourceTree = "<group>"; };
		6576A0A516B6BE370036C66D /* frame.c */ = {isa = PBXFileReference; lastKnownFileType = sourcecode.c.c; path = frame.c; sourceTree = "<group>"; };
		6576A0A616B6BE370036C66D /* frame.h */ = {isa = PBXFileReference; lastKnownFileType = sourcecode.c.h; path = frame.h; sourceTree = "<group>"; };
		6576A0A716B6BE370036C66D /* globals.h */ = {isa = PBXFileReference; lastKnownFileType = sourcecode.c.h; path = globals.h; sourceTree = "<group>"; };
		6576A0A816B6BE370036C66D /* labelling.c */ = {isa = PBXFileReference; lastKnownFileType = sourcecode.c.c; path = labelling.c; sourceTree = "<group>"; };
		6576A0A916B6BE370036C66D /* labelling.h */ = {isa = PBXFileReference; lastKnownFileType = sourcecode.c.h; path = labelling.h; sourceTree = "<group>"; };
		6576A0AA16B6BE370036C66D /* lists.c */ = {isa = PBXFileReference; lastKnownFileType = sourcecode.c.c; path = lists.c; sourceTree = "<group>"; };
		6576A0AB16B6BE370036C66D /* lists.h */ = {isa = PBXFileReference; lastKnownFileType = sourcecode.c.h; path = lists.h; sourceTree = "<group>"; };
		6576A0AC16B6BE370036C66D /* log.c */ = {isa = PBXFileReference; lastKnownFileType = sourcecode.c.c; path = log.c; sourceTree = "<group>"; };
		6576A0AD16B6BE370036C66D /* log.h */ = {isa = PBXFileReference; lastKnownFileType = sourcecode.c.h; path = log.h; sourceTree = "<group>"; };
		6576A0AE16B6BE370036C66D /* Makefile */ = {isa = PBXFileReference; lastKnownFileType = sourcecode.make; path = Makefile; sourceTree = "<group>"; };
		6576A0AF16B6BE370036C66D /* simple_image.c */ = {isa = PBXFileReference; lastKnownFileType = sourcecode.c.c; path = simple_image.c; sourceTree = "<group>"; };
		6576A0B016B6BE370036C66D /* simple_image.h */ = {isa = PBXFileReference; lastKnownFileType = sourcecode.c.h; path = simple_image.h; sourceTree = "<group>"; };
		6576A0B116B6BE370036C66D /* v4l2_capture.c */ = {isa = PBXFileReference; lastKnownFileType = sourcecode.c.c; path = v4l2_capture.c; sourceTree = "<group>"; };
		6576A0B216B6BE370036C66D /* v4l2_capture.h */ = {isa = PBXFileReference; lastKnownFileType = sourcecode.c.h; path = v4l2_capture.h; sourceTree = "<group>"; };
		6576A0B716B6C1FD0036C66D /* Makefile */ = {isa = PBXFileReference; lastKnownFileType = sourcecode.make; path = Makefile; sourceTree = "<group>"; };
		6576A0B816B6C1FD0036C66D /* matrix.c */ = {isa = PBXFileReference; lastKnownFileType = sourcecode.c.c; path = matrix.c; sourceTree = "<group>"; };
		6576A0B916B6C1FD0036C66D /* matrix.h */ = {isa = PBXFileReference; lastKnownFileType = sourcecode.c.h; path = matrix.h; sourceTree = "<group>"; };
		6576A0BA16B6C1FD0036C66D /* matrix.o */ = {isa = PBXFileReference; lastKnownFileType = "compiled.mach-o.objfile"; path = matrix.o; sourceTree = "<group>"; };
		6576A0C516B6D0A70036C66D /* main.c */ = {isa = PBXFileReference; lastKnownFileType = sourcecode.c.c; path = main.c; sourceTree = "<group>"; };
/* End PBXFileReference section */

/* Begin PBXGroup section */
		6576A08D16B6BDA90036C66D = {
			isa = PBXGroup;
			children = (
				6576A0BC16B6C7C30036C66D /* main */,
				6576A0B616B6C1FD0036C66D /* mathematics */,
				6576A09B16B6BE370036C66D /* vision */,
			);
			sourceTree = "<group>";
		};
		6576A09B16B6BE370036C66D /* vision */ = {
			isa = PBXGroup;
			children = (
				6576A09C16B6BE370036C66D /* coordinates.c */,
				6576A09D16B6BE370036C66D /* coordinates.h */,
				6576A09E16B6BE370036C66D /* couples.c */,
				6576A09F16B6BE370036C66D /* couples.h */,
				6576A0A016B6BE370036C66D /* data */,
				6576A0A516B6BE370036C66D /* frame.c */,
				6576A0A616B6BE370036C66D /* frame.h */,
				6576A0A716B6BE370036C66D /* globals.h */,
				6576A0A816B6BE370036C66D /* labelling.c */,
				6576A0A916B6BE370036C66D /* labelling.h */,
				6576A0AA16B6BE370036C66D /* lists.c */,
				6576A0AB16B6BE370036C66D /* lists.h */,
				6576A0AC16B6BE370036C66D /* log.c */,
				6576A0AD16B6BE370036C66D /* log.h */,
				6576A0AE16B6BE370036C66D /* Makefile */,
				6576A0AF16B6BE370036C66D /* simple_image.c */,
				6576A0B016B6BE370036C66D /* simple_image.h */,
				6576A0B116B6BE370036C66D /* v4l2_capture.c */,
				6576A0B216B6BE370036C66D /* v4l2_capture.h */,
			);
			path = vision;
			sourceTree = "<group>";
		};
		6576A0A016B6BE370036C66D /* data */ = {
			isa = PBXGroup;
			children = (
				6576A0A116B6BE370036C66D /* vision_color (copia).txt */,
				6576A0A216B6BE370036C66D /* vision_color.txt */,
				6576A0A316B6BE370036C66D /* vision_init.txt */,
				6576A0A416B6BE370036C66D /* vision_webcam.txt */,
			);
			path = data;
			sourceTree = "<group>";
		};
		6576A0B616B6C1FD0036C66D /* mathematics */ = {
			isa = PBXGroup;
			children = (
				6576A0B716B6C1FD0036C66D /* Makefile */,
				6576A0B816B6C1FD0036C66D /* matrix.c */,
				6576A0B916B6C1FD0036C66D /* matrix.h */,
				6576A0BA16B6C1FD0036C66D /* matrix.o */,
			);
			path = mathematics;
			sourceTree = "<group>";
		};
		6576A0BC16B6C7C30036C66D /* main */ = {
			isa = PBXGroup;
			children = (
				6576A0C516B6D0A70036C66D /* main.c */,
			);
			path = main;
			sourceTree = "<group>";
		};
/* End PBXGroup section */

/* Begin PBXProject section */
		6576A08F16B6BDA90036C66D /* Project object */ = {
			isa = PBXProject;
			attributes = {
				LastUpgradeCheck = 0450;
			};
			buildConfigurationList = 6576A09216B6BDA90036C66D /* Build configuration list for PBXProject "Vision ROS" */;
			compatibilityVersion = "Xcode 3.2";
			developmentRegion = English;
			hasScannedForEncodings = 0;
			knownRegions = (
				en,
			);
			mainGroup = 6576A08D16B6BDA90036C66D;
			projectDirPath = "";
			projectRoot = "";
			targets = (
			);
		};
/* End PBXProject section */

/* Begin XCBuildConfiguration section */
		6576A09416B6BDA90036C66D /* Debug */ = {
			isa = XCBuildConfiguration;
			buildSettings = {
			};
			name = Debug;
		};
		6576A09516B6BDA90036C66D /* Release */ = {
			isa = XCBuildConfiguration;
			buildSettings = {
			};
			name = Release;
		};
/* End XCBuildConfiguration section */

/* Begin XCConfigurationList section */
		6576A09216B6BDA90036C66D /* Build configuration list for PBXProject "Vision ROS" */ = {
			isa = XCConfigurationList;
			buildConfigurations = (
				6576A09416B6BDA90036C66D /* Debug */,
				6576A09516B6BDA90036C66D /* Release */,
			);
			defaultConfigurationIsVisible = 0;
			defaultConfigurationName = Release;
		};
/* End XCConfigurationList section */
	};
	rootObject = 6576A08F16B6BDA90036C66D /* Project object */;
}
